
Microsoft Visual Studio Solution File, Format Version 12.00
# Visual Studio Version 16
VisualStudioVersion = 16.0.34407.143
MinimumVisualStudioVersion = 10.0.40219.1
Project("{FAE04EC0-301F-11D3-BF4B-00C04F79EFBC}") = "ProWeb", "ProWeb\ProWeb.csproj", "{0EA203CE-FF26-4BF2-892A-58C1C8B710B0}"
EndProject
Global
	GlobalSection(SolutionConfigurationPlatforms) = preSolution
		Debug|Any CPU = Debug|Any CPU
		Release|Any CPU = Release|Any CPU
	EndGlobalSection
	GlobalSection(ProjectConfigurationPlatforms) = postSolution
		{0EA203CE-FF26-4BF2-892A-58C1C8B710B0}.Debug|Any CPU.ActiveCfg = Debug|Any CPU
		{0EA203CE-FF26-4BF2-892A-58C1C8B710B0}.Debug|Any CPU.Build.0 = Debug|Any CPU
		{0EA203CE-FF26-4BF2-892A-58C1C8B710B0}.Release|Any CPU.ActiveCfg = Release|Any CPU
		{0EA203CE-FF26-4BF2-892A-58C1C8B710B0}.Release|Any CPU.Build.0 = Release|Any CPU
	EndGlobalSection
	GlobalSection(SolutionProperties) = preSolution
		HideSolutionNode = FALSE
	EndGlobalSection
	GlobalSection(ExtensibilityGlobals) = postSolution
		SolutionGuid = {A5A16945-22D7-401F-A338-AAC2D4A0297B}
	EndGlobalSection
EndGlobal
